
Microsoft Visual Studio Solution File, Format Version 12.00
# Visual Studio Version 17
VisualStudioVersion = 17.14.37027.9 d17.14
MinimumVisualStudioVersion = 10.0.40219.1
Project("{FAE04EC0-301F-11D3-BF4B-00C04F79EFBC}") = "SistemaGestionEnvios", "SistemaGestionEnvios\SistemaGestionEnvios.csproj", "{874BA051-8EED-4C4A-8B7C-DB043DD1E215}"
EndProject
Global
	GlobalSection(SolutionConfigurationPlatforms) = preSolution
		Debug|Any CPU = Debug|Any CPU
		Release|Any CPU = Release|Any CPU
	EndGlobalSection
	GlobalSection(ProjectConfigurationPlatforms) = postSolution
		{874BA051-8EED-4C4A-8B7C-DB043DD1E215}.Debug|Any CPU.ActiveCfg = Debug|Any CPU
		{874BA051-8EED-4C4A-8B7C-DB043DD1E215}.Debug|Any CPU.Build.0 = Debug|Any CPU
		{874BA051-8EED-4C4A-8B7C-DB043DD1E215}.Release|Any CPU.ActiveCfg = Release|Any CPU
		{874BA051-8EED-4C4A-8B7C-DB043DD1E215}.Release|Any CPU.Build.0 = Release|Any CPU
	EndGlobalSection
	GlobalSection(SolutionProperties) = preSolution
		HideSolutionNode = FALSE
	EndGlobalSection
	GlobalSection(ExtensibilityGlobals) = postSolution
		SolutionGuid = {3F6D8683-AFF1-49F6-83B2-5231A27C85B6}
	EndGlobalSection
EndGlobal
